// !$*UTF8*$!
{
	archiveVersion = 1;
	classes = {
	};
	objectVersion = 50;
	objects = {

/* Begin PBXBuildFile section */
		A30569532620D9150071C197 /* CustomTableViewCell.swift in Sources */ = {isa = PBXBuildFile; fileRef = A30569522620D9150071C197 /* CustomTableViewCell.swift */; };
		A324EFB0261B287400E914D0 /* AppDelegate.swift in Sources */ = {isa = PBXBuildFile; fileRef = A324EFAF261B287400E914D0 /* AppDelegate.swift */; };
		A324EFB2261B287400E914D0 /* SceneDelegate.swift in Sources */ = {isa = PBXBuildFile; fileRef = A324EFB1261B287400E914D0 /* SceneDelegate.swift */; };
		A324EFB7261B287400E914D0 /* Main.storyboard in Resources */ = {isa = PBXBuildFile; fileRef = A324EFB5261B287400E914D0 /* Main.storyboard */; };
		A324EFB9261B287500E914D0 /* Assets.xcassets in Resources */ = {isa = PBXBuildFile; fileRef = A324EFB8261B287500E914D0 /* Assets.xcassets */; };
		A324EFBC261B287500E914D0 /* LaunchScreen.storyboard in Resources */ = {isa = PBXBuildFile; fileRef = A324EFBA261B287500E914D0 /* LaunchScreen.storyboard */; };
		A393E650262840BB00CB013D /* PlaceModel.swift in Sources */ = {isa = PBXBuildFile; fileRef = A393E64F262840BB00CB013D /* PlaceModel.swift */; };
		A3A6672D261B7D5B00815DB9 /* MainViewController.swift in Sources */ = {isa = PBXBuildFile; fileRef = A3A6672C261B7D5B00815DB9 /* MainViewController.swift */; };
/* End PBXBuildFile section */

/* Begin PBXFileReference section */
		A30569522620D9150071C197 /* CustomTableViewCell.swift */ = {isa = PBXFileReference; lastKnownFileType = sourcecode.swift; path = CustomTableViewCell.swift; sourceTree = "<group>"; };
		A324EFAC261B287400E914D0 /* MyPlaces.app */ = {isa = PBXFileReference; explicitFileType = wrapper.application; includeInIndex = 0; path = MyPlaces.app; sourceTree = BUILT_PRODUCTS_DIR; };
		A324EFAF261B287400E914D0 /* AppDelegate.swift */ = {isa = PBXFileReference; lastKnownFileType = sourcecode.swift; path = AppDelegate.swift; sourceTree = "<group>"; };
		A324EFB1261B287400E914D0 /* SceneDelegate.swift */ = {isa = PBXFileReference; lastKnownFileType = sourcecode.swift; path = SceneDelegate.swift; sourceTree = "<group>"; };
		A324EFB6261B287400E914D0 /* Base */ = {isa = PBXFileReference; lastKnownFileType = file.storyboard; name = Base; path = Base.lproj/Main.storyboard; sourceTree = "<group>"; };
		A324EFB8261B287500E914D0 /* Assets.xcassets */ = {isa = PBXFileReference; lastKnownFileType = folder.assetcatalog; path = Assets.xcassets; sourceTree = "<group>"; };
		A324EFBB261B287500E914D0 /* Base */ = {isa = PBXFileReference; lastKnownFileType = file.storyboard; name = Base; path = Base.lproj/LaunchScreen.storyboard; sourceTree = "<group>"; };
		A324EFBD261B287500E914D0 /* Info.plist */ = {isa = PBXFileReference; lastKnownFileType = text.plist.xml; path = Info.plist; sourceTree = "<group>"; };
		A393E64F262840BB00CB013D /* PlaceModel.swift */ = {isa = PBXFileReference; lastKnownFileType = sourcecode.swift; path = PlaceModel.swift; sourceTree = "<group>"; };
		A3A6672C261B7D5B00815DB9 /* MainViewController.swift */ = {isa = PBXFileReference; lastKnownFileType = sourcecode.swift; path = MainViewController.swift; sourceTree = "<group>"; };
/* End PBXFileReference section */

/* Begin PBXFrameworksBuildPhase section */
		A324EFA9261B287400E914D0 /* Frameworks */ = {
			isa = PBXFrameworksBuildPhase;
			buildActionMask = 2147483647;
			files = (
			);
			runOnlyForDeploymentPostprocessing = 0;
		};
/* End PBXFrameworksBuildPhase section */

/* Begin PBXGroup section */
		A324EFA3261B287400E914D0 = {
			isa = PBXGroup;
			children = (
				A324EFAE261B287400E914D0 /* MyPlaces */,
				A324EFAD261B287400E914D0 /* Products */,
			);
			sourceTree = "<group>";
		};
		A324EFAD261B287400E914D0 /* Products */ = {
			isa = PBXGroup;
			children = (
				A324EFAC261B287400E914D0 /* MyPlaces.app */,
			);
			name = Products;
			sourceTree = "<group>";
		};
		A324EFAE261B287400E914D0 /* MyPlaces */ = {
			isa = PBXGroup;
			children = (
				A324EFAF261B287400E914D0 /* AppDelegate.swift */,
				A393E64F262840BB00CB013D /* PlaceModel.swift */,
				A3A6672C261B7D5B00815DB9 /* MainViewController.swift */,
				A30569522620D9150071C197 /* CustomTableViewCell.swift */,
				A324EFB1261B287400E914D0 /* SceneDelegate.swift */,
				A324EFB5261B287400E914D0 /* Main.storyboard */,
				A324EFB8261B287500E914D0 /* Assets.xcassets */,
				A324EFBA261B287500E914D0 /* LaunchScreen.storyboard */,
				A324EFBD261B287500E914D0 /* Info.plist */,
			);
			path = MyPlaces;
			sourceTree = "<group>";
		};
/* End PBXGroup section */

/* Begin PBXNativeTarget section */
		A324EFAB261B287400E914D0 /* MyPlaces */ = {
			isa = PBXNativeTarget;
			buildConfigurationList = A324EFC0261B287500E914D0 /* Build configuration list for PBXNativeTarget "MyPlaces" */;
			buildPhases = (
				A324EFA8261B287400E914D0 /* Sources */,
				A324EFA9261B287400E914D0 /* Frameworks */,
				A324EFAA261B287400E914D0 /* Resources */,
			);
			buildRules = (
			);
			dependencies = (
			);
			name = MyPlaces;
			productName = MyPlaces;
			productReference = A324EFAC261B287400E914D0 /* MyPlaces.app */;
			productType = "com.apple.product-type.application";
		};
/* End PBXNativeTarget section */

/* Begin PBXProject section */
		A324EFA4261B287400E914D0 /* Project object */ = {
			isa = PBXProject;
			attributes = {
				LastSwiftUpdateCheck = 1240;
				LastUpgradeCheck = 1240;
				TargetAttributes = {
					A324EFAB261B287400E914D0 = {
						CreatedOnToolsVersion = 12.4;
					};
				};
			};
			buildConfigurationList = A324EFA7261B287400E914D0 /* Build configuration list for PBXProject "MyPlaces" */;
			compatibilityVersion = "Xcode 9.3";
			developmentRegion = en;
			hasScannedForEncodings = 0;
			knownRegions = (
				en,
				Base,
			);
			mainGroup = A324EFA3261B287400E914D0;
			productRefGroup = A324EFAD261B287400E914D0 /* Products */;
			projectDirPath = "";
			projectRoot = "";
			targets = (
				A324EFAB261B287400E914D0 /* MyPlaces */,
			);
		};
/* End PBXProject section */

/* Begin PBXResourcesBuildPhase section */
		A324EFAA261B287400E914D0 /* Resources */ = {
			isa = PBXResourcesBuildPhase;
			buildActionMask = 2147483647;
			files = (
				A324EFBC261B287500E914D0 /* LaunchScreen.storyboard in Resources */,
				A324EFB9261B287500E914D0 /* Assets.xcassets in Resources */,
				A324EFB7261B287400E914D0 /* Main.storyboard in Resources */,
			);
			runOnlyForDeploymentPostprocessing = 0;
		};
/* End PBXResourcesBuildPhase section */

/* Begin PBXSourcesBuildPhase section */
		A324EFA8261B287400E914D0 /* Sources */ = {
			isa = PBXSourcesBuildPhase;
			buildActionMask = 2147483647;
			files = (
				A3A6672D261B7D5B00815DB9 /* MainViewController.swift in Sources */,
				A324EFB0261B287400E914D0 /* AppDelegate.swift in Sources */,
				A393E650262840BB00CB013D /* PlaceModel.swift in Sources */,
				A30569532620D9150071C197 /* CustomTableViewCell.swift in Sources */,
				A324EFB2261B287400E914D0 /* SceneDelegate.swift in Sources */,
			);
			runOnlyForDeploymentPostprocessing = 0;
		};
/* End PBXSourcesBuildPhase section */

/* Begin PBXVariantGroup section */
		A324EFB5261B287400E914D0 /* Main.storyboard */ = {
			isa = PBXVariantGroup;
			children = (
				A324EFB6261B287400E914D0 /* Base */,
			);
			name = Main.storyboard;
			sourceTree = "<group>";
		};
		A324EFBA261B287500E914D0 /* LaunchScreen.storyboard */ = {
			isa = PBXVariantGroup;
			children = (
				A324EFBB261B287500E914D0 /* Base */,
			);
			name = LaunchScreen.storyboard;
			sourceTree = "<group>";
		};
/* End PBXVariantGroup section */

/* Begin XCBuildConfiguration section */
		A324EFBE261B287500E914D0 /* Debug */ = {
			isa = XCBuildConfiguration;
			buildSettings = {
				ALWAYS_SEARCH_USER_PATHS = NO;
				CLANG_ANALYZER_NONNULL = YES;
				CLANG_ANALYZER_NUMBER_OBJECT_CONVERSION = YES_AGGRESSIVE;
				CLANG_CXX_LANGUAGE_STANDARD = "gnu++14";
				CLANG_CXX_LIBRARY = "libc++";
				CLANG_ENABLE_MODULES = YES;
				CLANG_ENABLE_OBJC_ARC = YES;
				CLANG_ENABLE_OBJC_WEAK = YES;
				CLANG_WARN_BLOCK_CAPTURE_AUTORELEASING = YES;
				CLANG_WARN_BOOL_CONVERSION = YES;
				CLANG_WARN_COMMA = YES;
				CLANG_WARN_CONSTANT_CONVERSION = YES;
				CLANG_WARN_DEPRECATED_OBJC_IMPLEMENTATIONS = YES;
				CLANG_WARN_DIRECT_OBJC_ISA_USAGE = YES_ERROR;
				CLANG_WARN_DOCUMENTATION_COMMENTS = YES;
				CLANG_WARN_EMPTY_BODY = YES;
				CLANG_WARN_ENUM_CONVERSION = YES;
				CLANG_WARN_INFINITE_RECURSION = YES;
				CLANG_WARN_INT_CONVERSION = YES;
				CLANG_WARN_NON_LITERAL_NULL_CONVERSION = YES;
				CLANG_WARN_OBJC_IMPLICIT_RETAIN_SELF = YES;
				CLANG_WARN_OBJC_LITERAL_CONVERSION = YES;
				CLANG_WARN_OBJC_ROOT_CLASS = YES_ERROR;
				CLANG_WARN_QUOTED_INCLUDE_IN_FRAMEWORK_HEADER = YES;
				CLANG_WARN_RANGE_LOOP_ANALYSIS = YES;
				CLANG_WARN_STRICT_PROTOTYPES = YES;
				CLANG_WARN_SUSPICIOUS_MOVE = YES;
				CLANG_WARN_UNGUARDED_AVAILABILITY = YES_AGGRESSIVE;
				CLANG_WARN_UNREACHABLE_CODE = YES;
				CLANG_WARN__DUPLICATE_METHOD_MATCH = YES;
				COPY_PHASE_STRIP = NO;
				DEBUG_INFORMATION_FORMAT = dwarf;
				ENABLE_STRICT_OBJC_MSGSEND = YES;
				ENABLE_TESTABILITY = YES;
				GCC_C_LANGUAGE_STANDARD = gnu11;
				GCC_DYNAMIC_NO_PIC = NO;
				GCC_NO_COMMON_BLOCKS = YES;
				GCC_OPTIMIZATION_LEVEL = 0;
				GCC_PREPROCESSOR_DEFINITIONS = (
					"DEBUG=1",
					"$(inherited)",
				);
				GCC_WARN_64_TO_32_BIT_CONVERSION = YES;
				GCC_WARN_ABOUT_RETURN_TYPE = YES_ERROR;
				GCC_WARN_UNDECLARED_SELECTOR = YES;
				GCC_WARN_UNINITIALIZED_AUTOS = YES_AGGRESSIVE;
				GCC_WARN_UNUSED_FUNCTION = YES;
				GCC_WARN_UNUSED_VARIABLE = YES;
				IPHONEOS_DEPLOYMENT_TARGET = 14.4;
				MTL_ENABLE_DEBUG_INFO = INCLUDE_SOURCE;
				MTL_FAST_MATH = YES;
				ONLY_ACTIVE_ARCH = YES;
				SDKROOT = iphoneos;
				SWIFT_ACTIVE_COMPILATION_CONDITIONS = DEBUG;
				SWIFT_OPTIMIZATION_LEVEL = "-Onone";
			};
			name = Debug;
		};
		A324EFBF261B287500E914D0 /* Release */ = {
			isa = XCBuildConfiguration;
			buildSettings = {
				ALWAYS_SEARCH_USER_PATHS = NO;
				CLANG_ANALYZER_NONNULL = YES;
				CLANG_ANALYZER_NUMBER_OBJECT_CONVERSION = YES_AGGRESSIVE;
				CLANG_CXX_LANGUAGE_STANDARD = "gnu++14";
				CLANG_CXX_LIBRARY = "libc++";
				CLANG_ENABLE_MODULES = YES;
				CLANG_ENABLE_OBJC_ARC = YES;
				CLANG_ENABLE_OBJC_WEAK = YES;
				CLANG_WARN_BLOCK_CAPTURE_AUTORELEASING = YES;
				CLANG_WARN_BOOL_CONVERSION = YES;
				CLANG_WARN_COMMA = YES;
				CLANG_WARN_CONSTANT_CONVERSION = YES;
				CLANG_WARN_DEPRECATED_OBJC_IMPLEMENTATIONS = YES;
				CLANG_WARN_DIRECT_OBJC_ISA_USAGE = YES_ERROR;
				CLANG_WARN_DOCUMENTATION_COMMENTS = YES;
				CLANG_WARN_EMPTY_BODY = YES;
				CLANG_WARN_ENUM_CONVERSION = YES;
				CLANG_WARN_INFINITE_RECURSION = YES;
				CLANG_WARN_INT_CONVERSION = YES;
				CLANG_WARN_NON_LITERAL_NULL_CONVERSION = YES;
				CLANG_WARN_OBJC_IMPLICIT_RETAIN_SELF = YES;
				CLANG_WARN_OBJC_LITERAL_CONVERSION = YES;
				CLANG_WARN_OBJC_ROOT_CLASS = YES_ERROR;
				CLANG_WARN_QUOTED_INCLUDE_IN_FRAMEWORK_HEADER = YES;
				CLANG_WARN_RANGE_LOOP_ANALYSIS = YES;
				CLANG_WARN_STRICT_PROTOTYPES = YES;
				CLANG_WARN_SUSPICIOUS_MOVE = YES;
				CLANG_WARN_UNGUARDED_AVAILABILITY = YES_AGGRESSIVE;
				CLANG_WARN_UNREACHABLE_CODE = YES;
				CLANG_WARN__DUPLICATE_METHOD_MATCH = YES;
				COPY_PHASE_STRIP = NO;
				DEBUG_INFORMATION_FORMAT = "dwarf-with-dsym";
				ENABLE_NS_ASSERTIONS = NO;
				ENABLE_STRICT_OBJC_MSGSEND = YES;
				GCC_C_LANGUAGE_STANDARD = gnu11;
				GCC_NO_COMMON_BLOCKS = YES;
				GCC_WARN_64_TO_32_BIT_CONVERSION = YES;
				GCC_WARN_ABOUT_RETURN_TYPE = YES_ERROR;
				GCC_WARN_UNDECLARED_SELECTOR = YES;
				GCC_WARN_UNINITIALIZED_AUTOS = YES_AGGRESSIVE;
				GCC_WARN_UNUSED_FUNCTION = YES;
				GCC_WARN_UNUSED_VARIABLE = YES;
				IPHONEOS_DEPLOYMENT_TARGET = 14.4;
				MTL_ENABLE_DEBUG_INFO = NO;
				MTL_FAST_MATH = YES;
				SDKROOT = iphoneos;
				SWIFT_COMPILATION_MODE = wholemodule;
				SWIFT_OPTIMIZATION_LEVEL = "-O";
				VALIDATE_PRODUCT = YES;
			};
			name = Release;
		};
		A324EFC1261B287500E914D0 /* Debug */ = {
			isa = XCBuildConfiguration;
			buildSettings = {
				ASSETCATALOG_COMPILER_APPICON_NAME = AppIcon;
				ASSETCATALOG_COMPILER_GLOBAL_ACCENT_COLOR_NAME = AccentColor;
				CODE_SIGN_STYLE = Automatic;
				DEVELOPMENT_TEAM = 4V3LZ9W8G8;
				INFOPLIST_FILE = MyPlaces/Info.plist;
				LD_RUNPATH_SEARCH_PATHS = (
					"$(inherited)",
					"@executable_path/Frameworks",
				);
				PRODUCT_BUNDLE_IDENTIFIER = com.uzgamer.MyPlaces;
				PRODUCT_NAME = "$(TARGET_NAME)";
				SWIFT_VERSION = 5.0;
				TARGETED_DEVICE_FAMILY = "1,2";
			};
			name = Debug;
		};
		A324EFC2261B287500E914D0 /* Release */ = {
			isa = XCBuildConfiguration;
			buildSettings = {
				ASSETCATALOG_COMPILER_APPICON_NAME = AppIcon;
				ASSETCATALOG_COMPILER_GLOBAL_ACCENT_COLOR_NAME = AccentColor;
				CODE_SIGN_STYLE = Automatic;
				DEVELOPMENT_TEAM = 4V3LZ9W8G8;
				INFOPLIST_FILE = MyPlaces/Info.plist;
				LD_RUNPATH_SEARCH_PATHS = (
					"$(inherited)",
					"@executable_path/Frameworks",
				);
				PRODUCT_BUNDLE_IDENTIFIER = com.uzgamer.MyPlaces;
				PRODUCT_NAME = "$(TARGET_NAME)";
				SWIFT_VERSION = 5.0;
				TARGETED_DEVICE_FAMILY = "1,2";
			};
			name = Release;
		};
/* End XCBuildConfiguration section */

/* Begin XCConfigurationList section */
		A324EFA7261B287400E914D0 /* Build configuration list for PBXProject "MyPlaces" */ = {
			isa = XCConfigurationList;
			buildConfigurations = (
				A324EFBE261B287500E914D0 /* Debug */,
				A324EFBF261B287500E914D0 /* Release */,
			);
			defaultConfigurationIsVisible = 0;
			defaultConfigurationName = Release;
		};
		A324EFC0261B287500E914D0 /* Build configuration list for PBXNativeTarget "MyPlaces" */ = {
			isa = XCConfigurationList;
			buildConfigurations = (
				A324EFC1261B287500E914D0 /* Debug */,
				A324EFC2261B287500E914D0 /* Release */,
			);
			defaultConfigurationIsVisible = 0;
			defaultConfigurationName = Release;
		};
/* End XCConfigurationList section */
	};
	rootObject = A324EFA4261B287400E914D0 /* Project object */;
}
